
Microsoft Visual Studio Solution File, Format Version 12.00
# Visual Studio Version 16
VisualStudioVersion = 16.0.29306.81
MinimumVisualStudioVersion = 10.0.40219.1
Project("{FAE04EC0-301F-11D3-BF4B-00C04F79EFBC}") = "Deliverable 3 - Methods", "Deliverable 3 - Methods\Deliverable 3 - Methods.csproj", "{B9680DBE-AA23-4152-9EEE-215AA0F1A045}"
EndProject
Global
	GlobalSection(SolutionConfigurationPlatforms) = preSolution
		Debug|Any CPU = Debug|Any CPU
		Release|Any CPU = Release|Any CPU
	EndGlobalSection
	GlobalSection(ProjectConfigurationPlatforms) = postSolution
		{B9680DBE-AA23-4152-9EEE-215AA0F1A045}.Debug|Any CPU.ActiveCfg = Debug|Any CPU
		{B9680DBE-AA23-4152-9EEE-215AA0F1A045}.Debug|Any CPU.Build.0 = Debug|Any CPU
		{B9680DBE-AA23-4152-9EEE-215AA0F1A045}.Release|Any CPU.ActiveCfg = Release|Any CPU
		{B9680DBE-AA23-4152-9EEE-215AA0F1A045}.Release|Any CPU.Build.0 = Release|Any CPU
	EndGlobalSection
	GlobalSection(SolutionProperties) = preSolution
		HideSolutionNode = FALSE
	EndGlobalSection
	GlobalSection(ExtensibilityGlobals) = postSolution
		SolutionGuid = {C5D2954F-B1CF-43DA-B800-433F225E7B87}
	EndGlobalSection
EndGlobal
